// !$*UTF8*$!
{
	archiveVersion = 1;
	classes = {
	};
	objectVersion = 56;
	objects = {

/* Begin PBXBuildFile section */
		153B13012A8C620300A998DF /* CustomTableViewCell.swift in Sources */ = {isa = PBXBuildFile; fileRef = 153B13002A8C620300A998DF /* CustomTableViewCell.swift */; };
		153B13032A8C627C00A998DF /* Dummy.swift in Sources */ = {isa = PBXBuildFile; fileRef = 153B13022A8C627C00A998DF /* Dummy.swift */; };
		153B13072A8C633E00A998DF /* lion.jpeg in Resources */ = {isa = PBXBuildFile; fileRef = 153B13052A8C633E00A998DF /* lion.jpeg */; };
		153B13082A8C633E00A998DF /* pigeon.png in Resources */ = {isa = PBXBuildFile; fileRef = 153B13062A8C633E00A998DF /* pigeon.png */; };
		153B130C2A8C719200A998DF /* dotori.png in Resources */ = {isa = PBXBuildFile; fileRef = 153B130B2A8C719200A998DF /* dotori.png */; };
		3FA689EF2A89EC5600E1EEC0 /* AppDelegate.swift in Sources */ = {isa = PBXBuildFile; fileRef = 3FA689EE2A89EC5600E1EEC0 /* AppDelegate.swift */; };
		3FA689F12A89EC5600E1EEC0 /* SceneDelegate.swift in Sources */ = {isa = PBXBuildFile; fileRef = 3FA689F02A89EC5600E1EEC0 /* SceneDelegate.swift */; };
		3FA689F32A89EC5600E1EEC0 /* ViewController.swift in Sources */ = {isa = PBXBuildFile; fileRef = 3FA689F22A89EC5600E1EEC0 /* ViewController.swift */; };
		3FA689F62A89EC5600E1EEC0 /* Main.storyboard in Resources */ = {isa = PBXBuildFile; fileRef = 3FA689F42A89EC5600E1EEC0 /* Main.storyboard */; };
		3FA689F82A89EC5700E1EEC0 /* Assets.xcassets in Resources */ = {isa = PBXBuildFile; fileRef = 3FA689F72A89EC5700E1EEC0 /* Assets.xcassets */; };
		3FA689FB2A89EC5700E1EEC0 /* LaunchScreen.storyboard in Resources */ = {isa = PBXBuildFile; fileRef = 3FA689F92A89EC5700E1EEC0 /* LaunchScreen.storyboard */; };
		3FA68A032A8A0FC400E1EEC0 /* CreateViewController.storyboard in Resources */ = {isa = PBXBuildFile; fileRef = 3FA68A022A8A0FC400E1EEC0 /* CreateViewController.storyboard */; };
		3FA68A052A8A0FD200E1EEC0 /* CreateViewController.swift in Sources */ = {isa = PBXBuildFile; fileRef = 3FA68A042A8A0FD200E1EEC0 /* CreateViewController.swift */; };
		3FA68A072A8A0FEE00E1EEC0 /* BookmarkViewController.storyboard in Resources */ = {isa = PBXBuildFile; fileRef = 3FA68A062A8A0FEE00E1EEC0 /* BookmarkViewController.storyboard */; };
		3FA68A092A8A0FFE00E1EEC0 /* BookmarkViewController.swift in Sources */ = {isa = PBXBuildFile; fileRef = 3FA68A082A8A0FFE00E1EEC0 /* BookmarkViewController.swift */; };
		3FA68A0B2A8A101500E1EEC0 /* MyPageViewController.storyboard in Resources */ = {isa = PBXBuildFile; fileRef = 3FA68A0A2A8A101500E1EEC0 /* MyPageViewController.storyboard */; };
		3FA68A0D2A8A102700E1EEC0 /* MyPageViewController.swift in Sources */ = {isa = PBXBuildFile; fileRef = 3FA68A0C2A8A102700E1EEC0 /* MyPageViewController.swift */; };
		3FA68A0F2A8A10D600E1EEC0 /* DetailViewController.storyboard in Resources */ = {isa = PBXBuildFile; fileRef = 3FA68A0E2A8A10D600E1EEC0 /* DetailViewController.storyboard */; };
		3FA68A112A8A110B00E1EEC0 /* DetailViewController.swift in Sources */ = {isa = PBXBuildFile; fileRef = 3FA68A102A8A110B00E1EEC0 /* DetailViewController.swift */; };
		3FA68A132A8A116D00E1EEC0 /* UpdateMyPageViewController.storyboard in Resources */ = {isa = PBXBuildFile; fileRef = 3FA68A122A8A116D00E1EEC0 /* UpdateMyPageViewController.storyboard */; };
		3FA68A152A8A118400E1EEC0 /* UpdateMyPageViewController.swift in Sources */ = {isa = PBXBuildFile; fileRef = 3FA68A142A8A118400E1EEC0 /* UpdateMyPageViewController.swift */; };
		5F2E84112A89FC5B001702F9 /* UserInfo.swift in Sources */ = {isa = PBXBuildFile; fileRef = 5F2E84102A89FC5B001702F9 /* UserInfo.swift */; };
		5F2E84132A89FC68001702F9 /* PostingInfo.swift in Sources */ = {isa = PBXBuildFile; fileRef = 5F2E84122A89FC68001702F9 /* PostingInfo.swift */; };
		5F2E84152A89FC72001702F9 /* ReplyInfo.swift in Sources */ = {isa = PBXBuildFile; fileRef = 5F2E84142A89FC72001702F9 /* ReplyInfo.swift */; };
		5F2E84182A8A0466001702F9 /* UIAlertController.swift in Sources */ = {isa = PBXBuildFile; fileRef = 5F2E84172A8A0466001702F9 /* UIAlertController.swift */; };
		5F2E841A2A8A0491001702F9 /* Date.swift in Sources */ = {isa = PBXBuildFile; fileRef = 5F2E84192A8A0491001702F9 /* Date.swift */; };
		5F2E841E2A8A052B001702F9 /* Logger.swift in Sources */ = {isa = PBXBuildFile; fileRef = 5F2E841D2A8A052B001702F9 /* Logger.swift */; };
		DE1C83192A8A0A9F003D99E9 /* SearchViewController.swift in Sources */ = {isa = PBXBuildFile; fileRef = DE1C83182A8A0A9F003D99E9 /* SearchViewController.swift */; };
		DEC0F8A82A8C620500B38986 /* UIView.swift in Sources */ = {isa = PBXBuildFile; fileRef = DEC0F8A72A8C620500B38986 /* UIView.swift */; };
		DED80C072A8A098600D5D125 /* SearchViewController.storyboard in Resources */ = {isa = PBXBuildFile; fileRef = DED80C052A8A098600D5D125 /* SearchViewController.storyboard */; };
/* End PBXBuildFile section */

/* Begin PBXFileReference section */
		153B13002A8C620300A998DF /* CustomTableViewCell.swift */ = {isa = PBXFileReference; lastKnownFileType = sourcecode.swift; path = CustomTableViewCell.swift; sourceTree = "<group>"; };
		153B13022A8C627C00A998DF /* Dummy.swift */ = {isa = PBXFileReference; lastKnownFileType = sourcecode.swift; path = Dummy.swift; sourceTree = "<group>"; };
		153B13052A8C633E00A998DF /* lion.jpeg */ = {isa = PBXFileReference; lastKnownFileType = image.jpeg; path = lion.jpeg; sourceTree = "<group>"; };
		153B13062A8C633E00A998DF /* pigeon.png */ = {isa = PBXFileReference; lastKnownFileType = image.png; path = pigeon.png; sourceTree = "<group>"; };
		153B130B2A8C719200A998DF /* dotori.png */ = {isa = PBXFileReference; lastKnownFileType = image.png; path = dotori.png; sourceTree = "<group>"; };
		3FA689EB2A89EC5600E1EEC0 /* DOTORI.app */ = {isa = PBXFileReference; explicitFileType = wrapper.application; includeInIndex = 0; path = DOTORI.app; sourceTree = BUILT_PRODUCTS_DIR; };
		3FA689EE2A89EC5600E1EEC0 /* AppDelegate.swift */ = {isa = PBXFileReference; lastKnownFileType = sourcecode.swift; path = AppDelegate.swift; sourceTree = "<group>"; };
		3FA689F02A89EC5600E1EEC0 /* SceneDelegate.swift */ = {isa = PBXFileReference; lastKnownFileType = sourcecode.swift; path = SceneDelegate.swift; sourceTree = "<group>"; };
		3FA689F22A89EC5600E1EEC0 /* ViewController.swift */ = {isa = PBXFileReference; lastKnownFileType = sourcecode.swift; path = ViewController.swift; sourceTree = "<group>"; };
		3FA689F52A89EC5600E1EEC0 /* Base */ = {isa = PBXFileReference; lastKnownFileType = file.storyboard; name = Base; path = Base.lproj/Main.storyboard; sourceTree = "<group>"; };
		3FA689F72A89EC5700E1EEC0 /* Assets.xcassets */ = {isa = PBXFileReference; lastKnownFileType = folder.assetcatalog; path = Assets.xcassets; sourceTree = "<group>"; };
		3FA689FA2A89EC5700E1EEC0 /* Base */ = {isa = PBXFileReference; lastKnownFileType = file.storyboard; name = Base; path = Base.lproj/LaunchScreen.storyboard; sourceTree = "<group>"; };
		3FA689FC2A89EC5700E1EEC0 /* Info.plist */ = {isa = PBXFileReference; lastKnownFileType = text.plist.xml; path = Info.plist; sourceTree = "<group>"; };
		3FA68A022A8A0FC400E1EEC0 /* CreateViewController.storyboard */ = {isa = PBXFileReference; lastKnownFileType = file.storyboard; path = CreateViewController.storyboard; sourceTree = "<group>"; };
		3FA68A042A8A0FD200E1EEC0 /* CreateViewController.swift */ = {isa = PBXFileReference; lastKnownFileType = sourcecode.swift; path = CreateViewController.swift; sourceTree = "<group>"; };
		3FA68A062A8A0FEE00E1EEC0 /* BookmarkViewController.storyboard */ = {isa = PBXFileReference; lastKnownFileType = file.storyboard; path = BookmarkViewController.storyboard; sourceTree = "<group>"; };
		3FA68A082A8A0FFE00E1EEC0 /* BookmarkViewController.swift */ = {isa = PBXFileReference; lastKnownFileType = sourcecode.swift; path = BookmarkViewController.swift; sourceTree = "<group>"; };
		3FA68A0A2A8A101500E1EEC0 /* MyPageViewController.storyboard */ = {isa = PBXFileReference; lastKnownFileType = file.storyboard; path = MyPageViewController.storyboard; sourceTree = "<group>"; };
		3FA68A0C2A8A102700E1EEC0 /* MyPageViewController.swift */ = {isa = PBXFileReference; lastKnownFileType = sourcecode.swift; path = MyPageViewController.swift; sourceTree = "<group>"; };
		3FA68A0E2A8A10D600E1EEC0 /* DetailViewController.storyboard */ = {isa = PBXFileReference; lastKnownFileType = file.storyboard; path = DetailViewController.storyboard; sourceTree = "<group>"; };
		3FA68A102A8A110B00E1EEC0 /* DetailViewController.swift */ = {isa = PBXFileReference; lastKnownFileType = sourcecode.swift; path = DetailViewController.swift; sourceTree = "<group>"; };
		3FA68A122A8A116D00E1EEC0 /* UpdateMyPageViewController.storyboard */ = {isa = PBXFileReference; lastKnownFileType = file.storyboard; path = UpdateMyPageViewController.storyboard; sourceTree = "<group>"; };
		3FA68A142A8A118400E1EEC0 /* UpdateMyPageViewController.swift */ = {isa = PBXFileReference; lastKnownFileType = sourcecode.swift; path = UpdateMyPageViewController.swift; sourceTree = "<group>"; };
		5F2E84102A89FC5B001702F9 /* UserInfo.swift */ = {isa = PBXFileReference; lastKnownFileType = sourcecode.swift; path = UserInfo.swift; sourceTree = "<group>"; };
		5F2E84122A89FC68001702F9 /* PostingInfo.swift */ = {isa = PBXFileReference; lastKnownFileType = sourcecode.swift; path = PostingInfo.swift; sourceTree = "<group>"; };
		5F2E84142A89FC72001702F9 /* ReplyInfo.swift */ = {isa = PBXFileReference; lastKnownFileType = sourcecode.swift; path = ReplyInfo.swift; sourceTree = "<group>"; };
		5F2E84172A8A0466001702F9 /* UIAlertController.swift */ = {isa = PBXFileReference; lastKnownFileType = sourcecode.swift; path = UIAlertController.swift; sourceTree = "<group>"; };
		5F2E84192A8A0491001702F9 /* Date.swift */ = {isa = PBXFileReference; lastKnownFileType = sourcecode.swift; path = Date.swift; sourceTree = "<group>"; };
		5F2E841D2A8A052B001702F9 /* Logger.swift */ = {isa = PBXFileReference; lastKnownFileType = sourcecode.swift; path = Logger.swift; sourceTree = "<group>"; };
		DE1C83182A8A0A9F003D99E9 /* SearchViewController.swift */ = {isa = PBXFileReference; lastKnownFileType = sourcecode.swift; path = SearchViewController.swift; sourceTree = "<group>"; };
		DEC0F8A72A8C620500B38986 /* UIView.swift */ = {isa = PBXFileReference; lastKnownFileType = sourcecode.swift; path = UIView.swift; sourceTree = "<group>"; };
		DED80C062A8A098600D5D125 /* Base */ = {isa = PBXFileReference; lastKnownFileType = file.storyboard; name = Base; path = DOTORI/View/Base.lproj/SearchViewController.storyboard; sourceTree = "<group>"; };
/* End PBXFileReference section */

/* Begin PBXFrameworksBuildPhase section */
		3FA689E82A89EC5600E1EEC0 /* Frameworks */ = {
			isa = PBXFrameworksBuildPhase;
			buildActionMask = 2147483647;
			files = (
			);
			runOnlyForDeploymentPostprocessing = 0;
		};
/* End PBXFrameworksBuildPhase section */

/* Begin PBXGroup section */
		153B13042A8C632C00A998DF /* Dummy */ = {
			isa = PBXGroup;
			children = (
				153B13022A8C627C00A998DF /* Dummy.swift */,
				153B130B2A8C719200A998DF /* dotori.png */,
				153B13052A8C633E00A998DF /* lion.jpeg */,
				153B13062A8C633E00A998DF /* pigeon.png */,
			);
			path = Dummy;
			sourceTree = "<group>";
		};
		3FA689E22A89EC5600E1EEC0 = {
			isa = PBXGroup;
			children = (
				3FA689ED2A89EC5600E1EEC0 /* DOTORI */,
				3FA689EC2A89EC5600E1EEC0 /* Products */,
			);
			sourceTree = "<group>";
		};
		3FA689EC2A89EC5600E1EEC0 /* Products */ = {
			isa = PBXGroup;
			children = (
				3FA689EB2A89EC5600E1EEC0 /* DOTORI.app */,
			);
			name = Products;
			sourceTree = "<group>";
		};
		3FA689ED2A89EC5600E1EEC0 /* DOTORI */ = {
			isa = PBXGroup;
			children = (
				DE1C831A2A8A0AA4003D99E9 /* Controller */,
				DED80C042A8A097100D5D125 /* View */,
				5F2E84162A8A043E001702F9 /* Extension */,
				5F2E840F2A89FC3F001702F9 /* Model */,
				3FA689EE2A89EC5600E1EEC0 /* AppDelegate.swift */,
				3FA689F02A89EC5600E1EEC0 /* SceneDelegate.swift */,
				153B13002A8C620300A998DF /* CustomTableViewCell.swift */,
				153B13042A8C632C00A998DF /* Dummy */,
				3FA689F72A89EC5700E1EEC0 /* Assets.xcassets */,
				3FA689F92A89EC5700E1EEC0 /* LaunchScreen.storyboard */,
				3FA689FC2A89EC5700E1EEC0 /* Info.plist */,
			);
			path = DOTORI;
			sourceTree = "<group>";
		};
		5F2E840F2A89FC3F001702F9 /* Model */ = {
			isa = PBXGroup;
			children = (
				5F2E84102A89FC5B001702F9 /* UserInfo.swift */,
				5F2E84122A89FC68001702F9 /* PostingInfo.swift */,
				5F2E84142A89FC72001702F9 /* ReplyInfo.swift */,
			);
			path = Model;
			sourceTree = "<group>";
		};
		5F2E84162A8A043E001702F9 /* Extension */ = {
			isa = PBXGroup;
			children = (
				5F2E84172A8A0466001702F9 /* UIAlertController.swift */,
				5F2E84192A8A0491001702F9 /* Date.swift */,
				5F2E841D2A8A052B001702F9 /* Logger.swift */,
				DEC0F8A72A8C620500B38986 /* UIView.swift */,
			);
			path = Extension;
			sourceTree = "<group>";
		};
		DE1C831A2A8A0AA4003D99E9 /* Controller */ = {
			isa = PBXGroup;
			children = (
				3FA689F22A89EC5600E1EEC0 /* ViewController.swift */,
				3FA68A102A8A110B00E1EEC0 /* DetailViewController.swift */,
				DE1C83182A8A0A9F003D99E9 /* SearchViewController.swift */,
				3FA68A042A8A0FD200E1EEC0 /* CreateViewController.swift */,
				3FA68A082A8A0FFE00E1EEC0 /* BookmarkViewController.swift */,
				3FA68A0C2A8A102700E1EEC0 /* MyPageViewController.swift */,
				3FA68A142A8A118400E1EEC0 /* UpdateMyPageViewController.swift */,
			);
			path = Controller;
			sourceTree = "<group>";
		};
		DED80C042A8A097100D5D125 /* View */ = {
			isa = PBXGroup;
			children = (
				3FA689F42A89EC5600E1EEC0 /* Main.storyboard */,
				3FA68A0E2A8A10D600E1EEC0 /* DetailViewController.storyboard */,
				DED80C052A8A098600D5D125 /* SearchViewController.storyboard */,
				3FA68A022A8A0FC400E1EEC0 /* CreateViewController.storyboard */,
				3FA68A062A8A0FEE00E1EEC0 /* BookmarkViewController.storyboard */,
				3FA68A0A2A8A101500E1EEC0 /* MyPageViewController.storyboard */,
				3FA68A122A8A116D00E1EEC0 /* UpdateMyPageViewController.storyboard */,
			);
			path = View;
			sourceTree = "<group>";
		};
/* End PBXGroup section */

/* Begin PBXNativeTarget section */
		3FA689EA2A89EC5600E1EEC0 /* DOTORI */ = {
			isa = PBXNativeTarget;
			buildConfigurationList = 3FA689FF2A89EC5700E1EEC0 /* Build configuration list for PBXNativeTarget "DOTORI" */;
			buildPhases = (
				3FA689E72A89EC5600E1EEC0 /* Sources */,
				3FA689E82A89EC5600E1EEC0 /* Frameworks */,
				3FA689E92A89EC5600E1EEC0 /* Resources */,
			);
			buildRules = (
			);
			dependencies = (
			);
			name = DOTORI;
			productName = DOTORI;
			productReference = 3FA689EB2A89EC5600E1EEC0 /* DOTORI.app */;
			productType = "com.apple.product-type.application";
		};
/* End PBXNativeTarget section */

/* Begin PBXProject section */
		3FA689E32A89EC5600E1EEC0 /* Project object */ = {
			isa = PBXProject;
			attributes = {
				BuildIndependentTargetsInParallel = 1;
				LastSwiftUpdateCheck = 1430;
				LastUpgradeCheck = 1430;
				TargetAttributes = {
					3FA689EA2A89EC5600E1EEC0 = {
						CreatedOnToolsVersion = 14.3.1;
					};
				};
			};
			buildConfigurationList = 3FA689E62A89EC5600E1EEC0 /* Build configuration list for PBXProject "DOTORI" */;
			compatibilityVersion = "Xcode 14.0";
			developmentRegion = en;
			hasScannedForEncodings = 0;
			knownRegions = (
				en,
				Base,
			);
			mainGroup = 3FA689E22A89EC5600E1EEC0;
			productRefGroup = 3FA689EC2A89EC5600E1EEC0 /* Products */;
			projectDirPath = "";
			projectRoot = "";
			targets = (
				3FA689EA2A89EC5600E1EEC0 /* DOTORI */,
			);
		};
/* End PBXProject section */

/* Begin PBXResourcesBuildPhase section */
		3FA689E92A89EC5600E1EEC0 /* Resources */ = {
			isa = PBXResourcesBuildPhase;
			buildActionMask = 2147483647;
			files = (
				153B13082A8C633E00A998DF /* pigeon.png in Resources */,
				3FA68A0F2A8A10D600E1EEC0 /* DetailViewController.storyboard in Resources */,
				153B13072A8C633E00A998DF /* lion.jpeg in Resources */,
				3FA689FB2A89EC5700E1EEC0 /* LaunchScreen.storyboard in Resources */,
				3FA689F82A89EC5700E1EEC0 /* Assets.xcassets in Resources */,
				3FA68A132A8A116D00E1EEC0 /* UpdateMyPageViewController.storyboard in Resources */,
				3FA68A032A8A0FC400E1EEC0 /* CreateViewController.storyboard in Resources */,
				DED80C072A8A098600D5D125 /* SearchViewController.storyboard in Resources */,
				3FA689F62A89EC5600E1EEC0 /* Main.storyboard in Resources */,
				3FA68A072A8A0FEE00E1EEC0 /* BookmarkViewController.storyboard in Resources */,
				153B130C2A8C719200A998DF /* dotori.png in Resources */,
				3FA68A0B2A8A101500E1EEC0 /* MyPageViewController.storyboard in Resources */,
			);
			runOnlyForDeploymentPostprocessing = 0;
		};
/* End PBXResourcesBuildPhase section */

/* Begin PBXSourcesBuildPhase section */
		3FA689E72A89EC5600E1EEC0 /* Sources */ = {
			isa = PBXSourcesBuildPhase;
			buildActionMask = 2147483647;
			files = (
				DEC0F8A82A8C620500B38986 /* UIView.swift in Sources */,
				3FA68A052A8A0FD200E1EEC0 /* CreateViewController.swift in Sources */,
				153B13032A8C627C00A998DF /* Dummy.swift in Sources */,
				DE1C83192A8A0A9F003D99E9 /* SearchViewController.swift in Sources */,
				153B13012A8C620300A998DF /* CustomTableViewCell.swift in Sources */,
				5F2E84112A89FC5B001702F9 /* UserInfo.swift in Sources */,
				5F2E84132A89FC68001702F9 /* PostingInfo.swift in Sources */,
				3FA68A092A8A0FFE00E1EEC0 /* BookmarkViewController.swift in Sources */,
				3FA689F32A89EC5600E1EEC0 /* ViewController.swift in Sources */,
				5F2E841A2A8A0491001702F9 /* Date.swift in Sources */,
				3FA68A152A8A118400E1EEC0 /* UpdateMyPageViewController.swift in Sources */,
				3FA68A0D2A8A102700E1EEC0 /* MyPageViewController.swift in Sources */,
				5F2E841E2A8A052B001702F9 /* Logger.swift in Sources */,
				5F2E84182A8A0466001702F9 /* UIAlertController.swift in Sources */,
				3FA689EF2A89EC5600E1EEC0 /* AppDelegate.swift in Sources */,
				5F2E84152A89FC72001702F9 /* ReplyInfo.swift in Sources */,
				3FA689F12A89EC5600E1EEC0 /* SceneDelegate.swift in Sources */,
				3FA68A112A8A110B00E1EEC0 /* DetailViewController.swift in Sources */,
			);
			runOnlyForDeploymentPostprocessing = 0;
		};
/* End PBXSourcesBuildPhase section */

/* Begin PBXVariantGroup section */
		3FA689F42A89EC5600E1EEC0 /* Main.storyboard */ = {
			isa = PBXVariantGroup;
			children = (
				3FA689F52A89EC5600E1EEC0 /* Base */,
			);
			name = Main.storyboard;
			sourceTree = "<group>";
		};
		3FA689F92A89EC5700E1EEC0 /* LaunchScreen.storyboard */ = {
			isa = PBXVariantGroup;
			children = (
				3FA689FA2A89EC5700E1EEC0 /* Base */,
			);
			name = LaunchScreen.storyboard;
			sourceTree = "<group>";
		};
		DED80C052A8A098600D5D125 /* SearchViewController.storyboard */ = {
			isa = PBXVariantGroup;
			children = (
				DED80C062A8A098600D5D125 /* Base */,
			);
			name = SearchViewController.storyboard;
			sourceTree = "<group>";
		};
/* End PBXVariantGroup section */

/* Begin XCBuildConfiguration section */
		3FA689FD2A89EC5700E1EEC0 /* Debug */ = {
			isa = XCBuildConfiguration;
			buildSettings = {
				ALWAYS_SEARCH_USER_PATHS = NO;
				CLANG_ANALYZER_NONNULL = YES;
				CLANG_ANALYZER_NUMBER_OBJECT_CONVERSION = YES_AGGRESSIVE;
				CLANG_CXX_LANGUAGE_STANDARD = "gnu++20";
				CLANG_ENABLE_MODULES = YES;
				CLANG_ENABLE_OBJC_ARC = YES;
				CLANG_ENABLE_OBJC_WEAK = YES;
				CLANG_WARN_BLOCK_CAPTURE_AUTORELEASING = YES;
				CLANG_WARN_BOOL_CONVERSION = YES;
				CLANG_WARN_COMMA = YES;
				CLANG_WARN_CONSTANT_CONVERSION = YES;
				CLANG_WARN_DEPRECATED_OBJC_IMPLEMENTATIONS = YES;
				CLANG_WARN_DIRECT_OBJC_ISA_USAGE = YES_ERROR;
				CLANG_WARN_DOCUMENTATION_COMMENTS = YES;
				CLANG_WARN_EMPTY_BODY = YES;
				CLANG_WARN_ENUM_CONVERSION = YES;
				CLANG_WARN_INFINITE_RECURSION = YES;
				CLANG_WARN_INT_CONVERSION = YES;
				CLANG_WARN_NON_LITERAL_NULL_CONVERSION = YES;
				CLANG_WARN_OBJC_IMPLICIT_RETAIN_SELF = YES;
				CLANG_WARN_OBJC_LITERAL_CONVERSION = YES;
				CLANG_WARN_OBJC_ROOT_CLASS = YES_ERROR;
				CLANG_WARN_QUOTED_INCLUDE_IN_FRAMEWORK_HEADER = YES;
				CLANG_WARN_RANGE_LOOP_ANALYSIS = YES;
				CLANG_WARN_STRICT_PROTOTYPES = YES;
				CLANG_WARN_SUSPICIOUS_MOVE = YES;
				CLANG_WARN_UNGUARDED_AVAILABILITY = YES_AGGRESSIVE;
				CLANG_WARN_UNREACHABLE_CODE = YES;
				CLANG_WARN__DUPLICATE_METHOD_MATCH = YES;
				COPY_PHASE_STRIP = NO;
				DEBUG_INFORMATION_FORMAT = dwarf;
				ENABLE_STRICT_OBJC_MSGSEND = YES;
				ENABLE_TESTABILITY = YES;
				GCC_C_LANGUAGE_STANDARD = gnu11;
				GCC_DYNAMIC_NO_PIC = NO;
				GCC_NO_COMMON_BLOCKS = YES;
				GCC_OPTIMIZATION_LEVEL = 0;
				GCC_PREPROCESSOR_DEFINITIONS = (
					"DEBUG=1",
					"$(inherited)",
				);
				GCC_WARN_64_TO_32_BIT_CONVERSION = YES;
				GCC_WARN_ABOUT_RETURN_TYPE = YES_ERROR;
				GCC_WARN_UNDECLARED_SELECTOR = YES;
				GCC_WARN_UNINITIALIZED_AUTOS = YES_AGGRESSIVE;
				GCC_WARN_UNUSED_FUNCTION = YES;
				GCC_WARN_UNUSED_VARIABLE = YES;
				IPHONEOS_DEPLOYMENT_TARGET = 16.4;
				MTL_ENABLE_DEBUG_INFO = INCLUDE_SOURCE;
				MTL_FAST_MATH = YES;
				ONLY_ACTIVE_ARCH = YES;
				SDKROOT = iphoneos;
				SWIFT_ACTIVE_COMPILATION_CONDITIONS = DEBUG;
				SWIFT_OPTIMIZATION_LEVEL = "-Onone";
			};
			name = Debug;
		};
		3FA689FE2A89EC5700E1EEC0 /* Release */ = {
			isa = XCBuildConfiguration;
			buildSettings = {
				ALWAYS_SEARCH_USER_PATHS = NO;
				CLANG_ANALYZER_NONNULL = YES;
				CLANG_ANALYZER_NUMBER_OBJECT_CONVERSION = YES_AGGRESSIVE;
				CLANG_CXX_LANGUAGE_STANDARD = "gnu++20";
				CLANG_ENABLE_MODULES = YES;
				CLANG_ENABLE_OBJC_ARC = YES;
				CLANG_ENABLE_OBJC_WEAK = YES;
				CLANG_WARN_BLOCK_CAPTURE_AUTORELEASING = YES;
				CLANG_WARN_BOOL_CONVERSION = YES;
				CLANG_WARN_COMMA = YES;
				CLANG_WARN_CONSTANT_CONVERSION = YES;
				CLANG_WARN_DEPRECATED_OBJC_IMPLEMENTATIONS = YES;
				CLANG_WARN_DIRECT_OBJC_ISA_USAGE = YES_ERROR;
				CLANG_WARN_DOCUMENTATION_COMMENTS = YES;
				CLANG_WARN_EMPTY_BODY = YES;
				CLANG_WARN_ENUM_CONVERSION = YES;
				CLANG_WARN_INFINITE_RECURSION = YES;
				CLANG_WARN_INT_CONVERSION = YES;
				CLANG_WARN_NON_LITERAL_NULL_CONVERSION = YES;
				CLANG_WARN_OBJC_IMPLICIT_RETAIN_SELF = YES;
				CLANG_WARN_OBJC_LITERAL_CONVERSION = YES;
				CLANG_WARN_OBJC_ROOT_CLASS = YES_ERROR;
				CLANG_WARN_QUOTED_INCLUDE_IN_FRAMEWORK_HEADER = YES;
				CLANG_WARN_RANGE_LOOP_ANALYSIS = YES;
				CLANG_WARN_STRICT_PROTOTYPES = YES;
				CLANG_WARN_SUSPICIOUS_MOVE = YES;
				CLANG_WARN_UNGUARDED_AVAILABILITY = YES_AGGRESSIVE;
				CLANG_WARN_UNREACHABLE_CODE = YES;
				CLANG_WARN__DUPLICATE_METHOD_MATCH = YES;
				COPY_PHASE_STRIP = NO;
				DEBUG_INFORMATION_FORMAT = "dwarf-with-dsym";
				ENABLE_NS_ASSERTIONS = NO;
				ENABLE_STRICT_OBJC_MSGSEND = YES;
				GCC_C_LANGUAGE_STANDARD = gnu11;
				GCC_NO_COMMON_BLOCKS = YES;
				GCC_WARN_64_TO_32_BIT_CONVERSION = YES;
				GCC_WARN_ABOUT_RETURN_TYPE = YES_ERROR;
				GCC_WARN_UNDECLARED_SELECTOR = YES;
				GCC_WARN_UNINITIALIZED_AUTOS = YES_AGGRESSIVE;
				GCC_WARN_UNUSED_FUNCTION = YES;
				GCC_WARN_UNUSED_VARIABLE = YES;
				IPHONEOS_DEPLOYMENT_TARGET = 16.4;
				MTL_ENABLE_DEBUG_INFO = NO;
				MTL_FAST_MATH = YES;
				SDKROOT = iphoneos;
				SWIFT_COMPILATION_MODE = wholemodule;
				SWIFT_OPTIMIZATION_LEVEL = "-O";
				VALIDATE_PRODUCT = YES;
			};
			name = Release;
		};
		3FA68A002A89EC5700E1EEC0 /* Debug */ = {
			isa = XCBuildConfiguration;
			buildSettings = {
				ASSETCATALOG_COMPILER_APPICON_NAME = AppIcon;
				ASSETCATALOG_COMPILER_GLOBAL_ACCENT_COLOR_NAME = AccentColor;
				CODE_SIGN_STYLE = Automatic;
				CURRENT_PROJECT_VERSION = 1;
				GENERATE_INFOPLIST_FILE = YES;
				INFOPLIST_FILE = DOTORI/Info.plist;
				INFOPLIST_KEY_UIApplicationSupportsIndirectInputEvents = YES;
				INFOPLIST_KEY_UILaunchStoryboardName = LaunchScreen;
				INFOPLIST_KEY_UIMainStoryboardFile = Main;
				INFOPLIST_KEY_UISupportedInterfaceOrientations_iPad = "UIInterfaceOrientationPortrait UIInterfaceOrientationPortraitUpsideDown UIInterfaceOrientationLandscapeLeft UIInterfaceOrientationLandscapeRight";
				INFOPLIST_KEY_UISupportedInterfaceOrientations_iPhone = "UIInterfaceOrientationPortrait UIInterfaceOrientationLandscapeLeft UIInterfaceOrientationLandscapeRight";
				IPHONEOS_DEPLOYMENT_TARGET = 15.0;
				LD_RUNPATH_SEARCH_PATHS = (
					"$(inherited)",
					"@executable_path/Frameworks",
				);
				MARKETING_VERSION = 1.0;
				PRODUCT_BUNDLE_IDENTIFIER = com.iOS.DOTORI;
				PRODUCT_NAME = "$(TARGET_NAME)";
				SUPPORTED_PLATFORMS = "iphoneos iphonesimulator";
				SUPPORTS_MACCATALYST = NO;
				SUPPORTS_MAC_DESIGNED_FOR_IPHONE_IPAD = NO;
				SWIFT_EMIT_LOC_STRINGS = YES;
				SWIFT_VERSION = 5.0;
				TARGETED_DEVICE_FAMILY = 1;
			};
			name = Debug;
		};
		3FA68A012A89EC5700E1EEC0 /* Release */ = {
			isa = XCBuildConfiguration;
			buildSettings = {
				ASSETCATALOG_COMPILER_APPICON_NAME = AppIcon;
				ASSETCATALOG_COMPILER_GLOBAL_ACCENT_COLOR_NAME = AccentColor;
				CODE_SIGN_STYLE = Automatic;
				CURRENT_PROJECT_VERSION = 1;
				GENERATE_INFOPLIST_FILE = YES;
				INFOPLIST_FILE = DOTORI/Info.plist;
				INFOPLIST_KEY_UIApplicationSupportsIndirectInputEvents = YES;
				INFOPLIST_KEY_UILaunchStoryboardName = LaunchScreen;
				INFOPLIST_KEY_UIMainStoryboardFile = Main;
				INFOPLIST_KEY_UISupportedInterfaceOrientations_iPad = "UIInterfaceOrientationPortrait UIInterfaceOrientationPortraitUpsideDown UIInterfaceOrientationLandscapeLeft UIInterfaceOrientationLandscapeRight";
				INFOPLIST_KEY_UISupportedInterfaceOrientations_iPhone = "UIInterfaceOrientationPortrait UIInterfaceOrientationLandscapeLeft UIInterfaceOrientationLandscapeRight";
				IPHONEOS_DEPLOYMENT_TARGET = 15.0;
				LD_RUNPATH_SEARCH_PATHS = (
					"$(inherited)",
					"@executable_path/Frameworks",
				);
				MARKETING_VERSION = 1.0;
				PRODUCT_BUNDLE_IDENTIFIER = com.iOS.DOTORI;
				PRODUCT_NAME = "$(TARGET_NAME)";
				SUPPORTED_PLATFORMS = "iphoneos iphonesimulator";
				SUPPORTS_MACCATALYST = NO;
				SUPPORTS_MAC_DESIGNED_FOR_IPHONE_IPAD = NO;
				SWIFT_EMIT_LOC_STRINGS = YES;
				SWIFT_VERSION = 5.0;
				TARGETED_DEVICE_FAMILY = 1;
			};
			name = Release;
		};
/* End XCBuildConfiguration section */

/* Begin XCConfigurationList section */
		3FA689E62A89EC5600E1EEC0 /* Build configuration list for PBXProject "DOTORI" */ = {
			isa = XCConfigurationList;
			buildConfigurations = (
				3FA689FD2A89EC5700E1EEC0 /* Debug */,
				3FA689FE2A89EC5700E1EEC0 /* Release */,
			);
			defaultConfigurationIsVisible = 0;
			defaultConfigurationName = Release;
		};
		3FA689FF2A89EC5700E1EEC0 /* Build configuration list for PBXNativeTarget "DOTORI" */ = {
			isa = XCConfigurationList;
			buildConfigurations = (
				3FA68A002A89EC5700E1EEC0 /* Debug */,
				3FA68A012A89EC5700E1EEC0 /* Release */,
			);
			defaultConfigurationIsVisible = 0;
			defaultConfigurationName = Release;
		};
/* End XCConfigurationList section */
	};
	rootObject = 3FA689E32A89EC5600E1EEC0 /* Project object */;
}
